
Microsoft Visual Studio Solution File, Format Version 12.00
# Visual Studio Version 17
VisualStudioVersion = 17.1.32421.90
MinimumVisualStudioVersion = 10.0.40219.1
Project("{FAE04EC0-301F-11D3-BF4B-00C04F79EFBC}") = "ReflectionPractice", "ReflectionPractice\ReflectionPractice.csproj", "{0FF5C59A-861A-433D-94C9-58F458DF3A95}"
EndProject
Global
	GlobalSection(SolutionConfigurationPlatforms) = preSolution
		Debug|Any CPU = Debug|Any CPU
		Release|Any CPU = Release|Any CPU
	EndGlobalSection
	GlobalSection(ProjectConfigurationPlatforms) = postSolution
		{0FF5C59A-861A-433D-94C9-58F458DF3A95}.Debug|Any CPU.ActiveCfg = Debug|Any CPU
		{0FF5C59A-861A-433D-94C9-58F458DF3A95}.Debug|Any CPU.Build.0 = Debug|Any CPU
		{0FF5C59A-861A-433D-94C9-58F458DF3A95}.Release|Any CPU.ActiveCfg = Release|Any CPU
		{0FF5C59A-861A-433D-94C9-58F458DF3A95}.Release|Any CPU.Build.0 = Release|Any CPU
	EndGlobalSection
	GlobalSection(SolutionProperties) = preSolution
		HideSolutionNode = FALSE
	EndGlobalSection
	GlobalSection(ExtensibilityGlobals) = postSolution
		SolutionGuid = {2CF23D40-EB39-4471-8C7A-31705D3091C1}
	EndGlobalSection
EndGlobal
